{
  "nodes": {
    "agenix": {
      "inputs": {
        "nixpkgs": "nixpkgs"
      },
      "locked": {
        "lastModified": 1620877075,
        "narHash": "sha256-XvgTqtmQZHegu9UMDSR50gK5cHEM2gbnRH0qecmdN54=",
        "path": "/nix/store/3lgbyjd9iwx5nxgyngmjwsv1src5575v-source",
        "rev": "e543aa7d68f222e1e771165da9e9a64b5bf7b3e3",
        "type": "path"
      },
      "original": {
        "id": "agenix",
        "type": "indirect"
      }
    },
    "flake-compat": {
      "flake": false,
      "locked": {
        "lastModified": 1606424373,
        "narHash": "sha256-oq8d4//CJOrVj+EcOaSXvMebvuTkmBJuT5tzlfewUnQ=",
        "owner": "edolstra",
        "repo": "flake-compat",
        "rev": "99f1c2157fba4bfe6211a321fd0ee43199025dbf",
        "type": "github"
      },
      "original": {
        "owner": "edolstra",
        "repo": "flake-compat",
        "type": "github"
      }
    },
    "flake-utils": {
      "locked": {
        "lastModified": 1610051610,
        "narHash": "sha256-U9rPz/usA1/Aohhk7Cmc2gBrEEKRzcW4nwPWMPwja4Y=",
        "owner": "numtide",
        "repo": "flake-utils",
        "rev": "3982c9903e93927c2164caa727cd3f6a0e6d14cc",
        "type": "github"
      },
      "original": {
        "owner": "numtide",
        "repo": "flake-utils",
        "type": "github"
      }
    },
    "flake-utils_2": {
      "locked": {
        "lastModified": 1623660459,
        "narHash": "sha256-OTmOsh43po7r5F9s9H6lVCBQ2b0FikWbmiwLbMAGRdw=",
        "owner": "numtide",
        "repo": "flake-utils",
        "rev": "98c8d36b1828009b20f12544214683c7489935a1",
        "type": "github"
      },
      "original": {
        "owner": "numtide",
        "repo": "flake-utils",
        "type": "github"
      }
    },
    "home-manager": {
      "inputs": {
        "nixpkgs": "nixpkgs_2"
      },
      "locked": {
        "lastModified": 1623967045,
        "narHash": "sha256-D8tZULncqU2Drn4vmG1vgMdhnZ5ONV5aEuHIxaA/kyE=",
        "owner": "nix-community",
        "repo": "home-manager",
        "rev": "2f6d5c90f4497dc3cfc043c0fd1b77272ebaeeaa",
        "type": "github"
      },
      "original": {
        "owner": "nix-community",
        "repo": "home-manager",
        "type": "github"
      }
    },
    "neovim-flake": {
      "inputs": {
        "flake-utils": "flake-utils",
        "nixpkgs": [
          "nixpkgs"
        ]
      },
      "locked": {
        "dir": "contrib",
        "lastModified": 1623981626,
        "narHash": "sha256-UdQG25DNdKfhFjv2JK8BB8ED4pyrfvdxXtaa17Hqb+g=",
        "owner": "neovim",
        "repo": "neovim",
        "rev": "e2d3ad7bc4685c38f037a631ce345a64217c233b",
        "type": "github"
      },
      "original": {
        "dir": "contrib",
        "owner": "neovim",
        "repo": "neovim",
        "type": "github"
      }
    },
    "neovim-nightly": {
      "inputs": {
        "flake-compat": "flake-compat",
        "neovim-flake": "neovim-flake",
        "nixpkgs": "nixpkgs_3"
      },
      "locked": {
        "lastModified": 1624003924,
        "narHash": "sha256-PPTFxuUPknXQzwplUo0p6AuVLErv48DIW+SZ6NHGDU0=",
        "owner": "nix-community",
        "repo": "neovim-nightly-overlay",
        "rev": "48d4df526669e0b3d723b4b57f4e16cf51137b10",
        "type": "github"
      },
      "original": {
        "owner": "nix-community",
        "repo": "neovim-nightly-overlay",
        "type": "github"
      }
    },
    "nixos-hardware": {
      "locked": {
        "lastModified": 1623569835,
        "narHash": "sha256-Mg+FN1JkEQ91Zff0+ot/ndRgD9BB+uDBLN12AcBYkSA=",
        "owner": "NixOS",
        "repo": "nixos-hardware",
        "rev": "7305b276c90cfd3ad0a2452101a49c0b52c784c0",
        "type": "github"
      },
      "original": {
        "owner": "NixOS",
        "repo": "nixos-hardware",
        "type": "github"
      }
    },
    "nixpkgs": {
      "locked": {
        "lastModified": 1618628710,
        "narHash": "sha256-9xIoU+BrCpjs5nfWcd/GlU7XCVdnNKJPffoNTxgGfhs=",
        "path": "/nix/store/z1rf17q0fxj935cmplzys4gg6nxj1as0-source",
        "rev": "7919518f0235106d050c77837df5e338fb94de5d",
        "type": "path"
      },
      "original": {
        "id": "nixpkgs",
        "type": "indirect"
      }
    },
    "nixpkgs_2": {
      "locked": {
        "lastModified": 1623324058,
        "narHash": "sha256-Jm9GUTXdjXz56gWDKy++EpFfjrBaxqXlLvTLfgEi8lo=",
        "path": "/nix/store/v13yb14bkddyc1rxlrna5j3441pyh0r8-source",
        "rev": "432fc2d9a67f92e05438dff5fdc2b39d33f77997",
        "type": "path"
      },
      "original": {
        "id": "nixpkgs",
        "type": "indirect"
      }
    },
    "nixpkgs_3": {
      "locked": {
        "lastModified": 1623580589,
        "narHash": "sha256-Ayp1cjXpwFCkAiWUE46rj9APTltsiEBdIs2+cj+U7+c=",
        "owner": "nixos",
        "repo": "nixpkgs",
        "rev": "fa0326ce5233f7d592271df52c9d0812bec47b84",
        "type": "github"
      },
      "original": {
        "owner": "nixos",
        "ref": "nixos-unstable",
        "repo": "nixpkgs",
        "type": "github"
      }
    },
    "nixpkgs_4": {
      "locked": {
        "lastModified": 1623580589,
        "narHash": "sha256-Ayp1cjXpwFCkAiWUE46rj9APTltsiEBdIs2+cj+U7+c=",
        "owner": "nixos",
        "repo": "nixpkgs",
        "rev": "fa0326ce5233f7d592271df52c9d0812bec47b84",
        "type": "github"
      },
      "original": {
        "owner": "nixos",
        "ref": "nixos-unstable",
        "repo": "nixpkgs",
        "type": "github"
      }
    },
    "nur": {
      "locked": {
        "lastModified": 1624035635,
        "narHash": "sha256-BXhxDF+jghEUZwHIjPO9//gINvCAmXDcCbF+EqOXgU8=",
        "owner": "nix-community",
        "repo": "NUR",
        "rev": "9954cbfaa41b53128676c31f9c7711d907e97f47",
        "type": "github"
      },
      "original": {
        "owner": "nix-community",
        "ref": "master",
        "repo": "NUR",
        "type": "github"
      }
    },
    "root": {
      "inputs": {
        "agenix": "agenix",
        "home-manager": "home-manager",
        "neovim-nightly": "neovim-nightly",
        "nixos-hardware": "nixos-hardware",
        "nixpkgs": "nixpkgs_4",
        "nur": "nur",
        "utils": "utils"
      }
    },
    "utils": {
      "inputs": {
        "flake-utils": "flake-utils_2"
      },
      "locked": {
        "lastModified": 1623776596,
        "narHash": "sha256-+5+fx76ucxUffw3AtzG56U/xTFk65RV+qIsBzBHjXzg=",
        "owner": "gytis-ivaskevicius",
        "repo": "flake-utils-plus",
        "rev": "e9cfad74a79430bfdd391a6073cc581c1b1504c8",
        "type": "github"
      },
      "original": {
        "owner": "gytis-ivaskevicius",
        "ref": "staging",
        "repo": "flake-utils-plus",
        "type": "github"
      }
    }
  },
  "root": "root",
  "version": 7
}
