{
  "nodes": {
    "awesome-src": {
      "flake": false,
      "locked": {
        "lastModified": 1647882589,
        "narHash": "sha256-EDAL7NnLF2BiVI8DAlEciiZtDmwXOzCPypGTrlN/OoQ=",
        "owner": "awesomeWM",
        "repo": "awesome",
        "rev": "c539e0e4350a42f813952fc28dd8490f42d934b3",
        "type": "github"
      },
      "original": {
        "owner": "awesomeWM",
        "repo": "awesome",
        "type": "github"
      }
    },
    "darwin": {
      "inputs": {
        "nixpkgs": [
          "nixpkgs"
        ]
      },
      "locked": {
        "lastModified": 1645734517,
        "narHash": "sha256-lBauJ2dbXmRyZntDuZHVoaI2xK8PBOE+SCOZD/ad1i8=",
        "owner": "ryantking",
        "repo": "nix-darwin",
        "rev": "741b9de4e9b14f642be03f9e0cf8feba72a4b95c",
        "type": "github"
      },
      "original": {
        "owner": "ryantking",
        "repo": "nix-darwin",
        "type": "github"
      }
    },
    "emacs-nightly": {
      "locked": {
        "lastModified": 1649499857,
        "narHash": "sha256-/VhAsIp/R4/9jS+sftpGdYUpkUEh5tU8CHh0JzY830o=",
        "owner": "nix-community",
        "repo": "emacs-overlay",
        "rev": "06c6fa4f24b90673d80a23e10e20f74577285241",
        "type": "github"
      },
      "original": {
        "owner": "nix-community",
        "repo": "emacs-overlay",
        "type": "github"
      }
    },
    "eww": {
      "inputs": {
        "fenix": "fenix_2",
        "flake-compat": "flake-compat_2",
        "flake-utils": "flake-utils_2",
        "naersk": "naersk",
        "nixpkgs": "nixpkgs_5"
      },
      "locked": {
        "lastModified": 1644916672,
        "narHash": "sha256-oAbB9aW/nqg02peqGEfETOGgeXarI6ZcAZ6DzDXbOSE=",
        "owner": "elkowar",
        "repo": "eww",
        "rev": "fb0e57a0149904e76fb33807a2804d4af82350de",
        "type": "github"
      },
      "original": {
        "owner": "elkowar",
        "repo": "eww",
        "type": "github"
      }
    },
    "fenix": {
      "inputs": {
        "nixpkgs": "nixpkgs",
        "rust-analyzer-src": "rust-analyzer-src"
      },
      "locked": {
        "lastModified": 1649226351,
        "narHash": "sha256-5fQwF5kYpPC7w0SOfdbE9Z7o5/i/dyo1BxMLVCA2h3E=",
        "owner": "nix-community",
        "repo": "fenix",
        "rev": "c7e184561fe843abb861cd7d22c23066987078e2",
        "type": "github"
      },
      "original": {
        "id": "fenix",
        "type": "indirect"
      }
    },
    "fenix_2": {
      "inputs": {
        "nixpkgs": [
          "nixpkgs-f2k",
          "nixpkgs"
        ],
        "rust-analyzer-src": "rust-analyzer-src_2"
      },
      "locked": {
        "lastModified": 1630895391,
        "narHash": "sha256-yokHZl7RvKfvmAmouI0Zr5x4SKhYvukRcU8XzRk7yf0=",
        "owner": "nix-community",
        "repo": "fenix",
        "rev": "3893e32c15e2ba4999510de67023a31d6f0e8b6e",
        "type": "github"
      },
      "original": {
        "owner": "nix-community",
        "repo": "fenix",
        "type": "github"
      }
    },
    "flake-compat": {
      "flake": false,
      "locked": {
        "lastModified": 1648199409,
        "narHash": "sha256-JwPKdC2PoVBkG6E+eWw3j6BMR6sL3COpYWfif7RVb8Y=",
        "owner": "edolstra",
        "repo": "flake-compat",
        "rev": "64a525ee38886ab9028e6f61790de0832aa3ef03",
        "type": "github"
      },
      "original": {
        "owner": "edolstra",
        "repo": "flake-compat",
        "type": "github"
      }
    },
    "flake-compat_2": {
      "flake": false,
      "locked": {
        "lastModified": 1627913399,
        "narHash": "sha256-hY8g6H2KFL8ownSiFeMOjwPC8P0ueXpCVEbxgda3pko=",
        "owner": "edolstra",
        "repo": "flake-compat",
        "rev": "12c64ca55c1014cdc1b16ed5a804aa8576601ff2",
        "type": "github"
      },
      "original": {
        "owner": "edolstra",
        "repo": "flake-compat",
        "type": "github"
      }
    },
    "flake-utils": {
      "locked": {
        "lastModified": 1644229661,
        "narHash": "sha256-1YdnJAsNy69bpcjuoKdOYQX0YxZBiCYZo4Twxerqv7k=",
        "owner": "numtide",
        "repo": "flake-utils",
        "rev": "3cecb5b042f7f209c56ffd8371b2711a290ec797",
        "type": "github"
      },
      "original": {
        "owner": "numtide",
        "repo": "flake-utils",
        "type": "github"
      }
    },
    "flake-utils_2": {
      "locked": {
        "lastModified": 1629481132,
        "narHash": "sha256-JHgasjPR0/J1J3DRm4KxM4zTyAj4IOJY8vIl75v/kPI=",
        "owner": "numtide",
        "repo": "flake-utils",
        "rev": "997f7efcb746a9c140ce1f13c72263189225f482",
        "type": "github"
      },
      "original": {
        "owner": "numtide",
        "repo": "flake-utils",
        "type": "github"
      }
    },
    "flake-utils_3": {
      "locked": {
        "lastModified": 1648297722,
        "narHash": "sha256-W+qlPsiZd8F3XkzXOzAoR+mpFqzm3ekQkJNa+PIh1BQ=",
        "owner": "numtide",
        "repo": "flake-utils",
        "rev": "0f8662f1319ad6abf89b3380dd2722369fc51ade",
        "type": "github"
      },
      "original": {
        "owner": "numtide",
        "repo": "flake-utils",
        "type": "github"
      }
    },
    "flake-utils_4": {
      "locked": {
        "lastModified": 1644229661,
        "narHash": "sha256-1YdnJAsNy69bpcjuoKdOYQX0YxZBiCYZo4Twxerqv7k=",
        "owner": "numtide",
        "repo": "flake-utils",
        "rev": "3cecb5b042f7f209c56ffd8371b2711a290ec797",
        "type": "github"
      },
      "original": {
        "owner": "numtide",
        "repo": "flake-utils",
        "type": "github"
      }
    },
    "home-manager": {
      "inputs": {
        "nixpkgs": [
          "nixpkgs"
        ]
      },
      "locked": {
        "lastModified": 1649392573,
        "narHash": "sha256-dCPEJZzExz2+i7AjUuViZUgHC+JXDlBBG/IzuSYWCh8=",
        "owner": "nix-community",
        "repo": "home-manager",
        "rev": "f911ebbec927e8e9b582f2e32e2b35f730074cfc",
        "type": "github"
      },
      "original": {
        "owner": "nix-community",
        "repo": "home-manager",
        "type": "github"
      }
    },
    "naersk": {
      "inputs": {
        "nixpkgs": "nixpkgs_4"
      },
      "locked": {
        "lastModified": 1629707199,
        "narHash": "sha256-sGxlmfp5eXL5sAMNqHSb04Zq6gPl+JeltIZ226OYN0w=",
        "owner": "nmattia",
        "repo": "naersk",
        "rev": "df71f5e4babda41cd919a8684b72218e2e809fa9",
        "type": "github"
      },
      "original": {
        "owner": "nmattia",
        "repo": "naersk",
        "type": "github"
      }
    },
    "neovim-flake": {
      "inputs": {
        "flake-utils": "flake-utils",
        "nixpkgs": [
          "neovim-nightly",
          "nixpkgs"
        ]
      },
      "locked": {
        "dir": "contrib",
        "lastModified": 1649482302,
        "narHash": "sha256-HkTfLdRpi3ec+WJNRUSWZjwHxD+abwnDkegfTedzTJ8=",
        "owner": "neovim",
        "repo": "neovim",
        "rev": "fda9adab5d0688fbd94544dc7146d0957c728c69",
        "type": "github"
      },
      "original": {
        "dir": "contrib",
        "owner": "neovim",
        "repo": "neovim",
        "type": "github"
      }
    },
    "neovim-nightly": {
      "inputs": {
        "flake-compat": "flake-compat",
        "neovim-flake": "neovim-flake",
        "nixpkgs": "nixpkgs_2"
      },
      "locked": {
        "lastModified": 1649492070,
        "narHash": "sha256-xBIW4qE5F8U52MFo3t901Sg53wmffS0gdewefwlVFJE=",
        "owner": "nix-community",
        "repo": "neovim-nightly-overlay",
        "rev": "c67abbadead972871a2d39122600235b3ce287b3",
        "type": "github"
      },
      "original": {
        "owner": "nix-community",
        "repo": "neovim-nightly-overlay",
        "type": "github"
      }
    },
    "nix-ld": {
      "inputs": {
        "nixpkgs": [
          "nixpkgs"
        ],
        "utils": "utils"
      },
      "locked": {
        "lastModified": 1647890299,
        "narHash": "sha256-nlOEWWiPxI+34s7XigMLpIi1F/K20VfjVVRk+gaPk8Q=",
        "owner": "Mic92",
        "repo": "nix-ld",
        "rev": "f91a5e19816009d66360b3c8f9d2fb6d393dc3b1",
        "type": "github"
      },
      "original": {
        "owner": "Mic92",
        "repo": "nix-ld",
        "type": "github"
      }
    },
    "nixos-hardware": {
      "locked": {
        "lastModified": 1649488242,
        "narHash": "sha256-GFahTvlMnqotZ8i1AO3J8OtVFrJe4QHcEPxpFH+DIEw=",
        "owner": "NixOS",
        "repo": "nixos-hardware",
        "rev": "850308db3ef0bcc7454155063b5fec28b4ffbc8c",
        "type": "github"
      },
      "original": {
        "owner": "NixOS",
        "repo": "nixos-hardware",
        "type": "github"
      }
    },
    "nixpkgs": {
      "locked": {
        "lastModified": 1649012074,
        "narHash": "sha256-vQUROcJ3FfT3GTB/nJrXwVvjuq8WfK0ImN+RUgDVN1c=",
        "owner": "nixos",
        "repo": "nixpkgs",
        "rev": "bc4b9eef3ce3d5a90d8693e8367c9cbfc9fc1e13",
        "type": "github"
      },
      "original": {
        "owner": "nixos",
        "ref": "nixos-unstable",
        "repo": "nixpkgs",
        "type": "github"
      }
    },
    "nixpkgs-f2k": {
      "inputs": {
        "awesome-src": "awesome-src",
        "eww": "eww",
        "flake-utils": "flake-utils_3",
        "nixpkgs": "nixpkgs_6",
        "phocus-src": "phocus-src",
        "picom-dccsillag": "picom-dccsillag",
        "picom-pijulius": "picom-pijulius",
        "picom-src": "picom-src",
        "river-src": "river-src"
      },
      "locked": {
        "lastModified": 1649472753,
        "narHash": "sha256-GyviRRAB6heUqAYiL97qlxZgVKzhPotffs8Hbj3cOVg=",
        "owner": "fortuneteller2k",
        "repo": "nixpkgs-f2k",
        "rev": "958e592c4d6ad6ccf0b81a63a94c1c39f8790520",
        "type": "github"
      },
      "original": {
        "owner": "fortuneteller2k",
        "repo": "nixpkgs-f2k",
        "type": "github"
      }
    },
    "nixpkgs_2": {
      "locked": {
        "lastModified": 1649225869,
        "narHash": "sha256-u1zLtPmQzhT9mNXyM8Ey9pk7orDrIKdwooeGDEXm5xM=",
        "owner": "nixos",
        "repo": "nixpkgs",
        "rev": "b6966d911da89e5a7301aaef8b4f0a44c77e103c",
        "type": "github"
      },
      "original": {
        "owner": "nixos",
        "ref": "nixos-unstable",
        "repo": "nixpkgs",
        "type": "github"
      }
    },
    "nixpkgs_3": {
      "locked": {
        "lastModified": 1649520316,
        "narHash": "sha256-w4srNZPpd9bjWJvSw2DgkiVNDPDTZwcu2zv/LbngJRI=",
        "owner": "NixOS",
        "repo": "nixpkgs",
        "rev": "72861e1902535a0426ef5715c6e4bb34f2caa933",
        "type": "github"
      },
      "original": {
        "owner": "NixOS",
        "repo": "nixpkgs",
        "type": "github"
      }
    },
    "nixpkgs_4": {
      "locked": {
        "lastModified": 1630761588,
        "narHash": "sha256-7GXckvZy7DGh2KIyfdArqwnyeSc5Owy1fumEDQyd8eY=",
        "path": "/nix/store/8i2kd1ndvx8adgid7vf4szhxsh1f9pkm-source",
        "rev": "a51aa6523bd8ee985bc70987909eff235900197a",
        "type": "path"
      },
      "original": {
        "id": "nixpkgs",
        "type": "indirect"
      }
    },
    "nixpkgs_5": {
      "locked": {
        "lastModified": 1630140382,
        "narHash": "sha256-ntXepAHFlAEtaYIU5EzckRUODeeMgpu1u2Yug+4LFNc=",
        "owner": "NixOS",
        "repo": "nixpkgs",
        "rev": "08ef0f28e3a41424b92ba1d203de64257a9fca6a",
        "type": "github"
      },
      "original": {
        "id": "nixpkgs",
        "ref": "nixpkgs-unstable",
        "type": "indirect"
      }
    },
    "nixpkgs_6": {
      "locked": {
        "lastModified": 1649472316,
        "narHash": "sha256-VQufU1SZ2shraI4k7VUXjs2Ovin9Eu30l3/RtZ6c3/E=",
        "owner": "NixOS",
        "repo": "nixpkgs",
        "rev": "9bea21d0c418aceeb451a84099bf0d3849cccd05",
        "type": "github"
      },
      "original": {
        "owner": "NixOS",
        "ref": "master",
        "repo": "nixpkgs",
        "type": "github"
      }
    },
    "nixpkgs_7": {
      "locked": {
        "lastModified": 1649012074,
        "narHash": "sha256-vQUROcJ3FfT3GTB/nJrXwVvjuq8WfK0ImN+RUgDVN1c=",
        "owner": "nixos",
        "repo": "nixpkgs",
        "rev": "bc4b9eef3ce3d5a90d8693e8367c9cbfc9fc1e13",
        "type": "github"
      },
      "original": {
        "owner": "nixos",
        "ref": "nixos-unstable",
        "repo": "nixpkgs",
        "type": "github"
      }
    },
    "nur": {
      "locked": {
        "lastModified": 1649508567,
        "narHash": "sha256-WBCLlNmzYV7Ko7gT9heL+X156JOhCfqukBC6cRYl0BQ=",
        "owner": "nix-community",
        "repo": "NUR",
        "rev": "e9a7d5f0a2810918623a782b6fe96520a46ba7eb",
        "type": "github"
      },
      "original": {
        "owner": "nix-community",
        "ref": "master",
        "repo": "NUR",
        "type": "github"
      }
    },
    "phocus-src": {
      "flake": false,
      "locked": {
        "lastModified": 1649469673,
        "narHash": "sha256-w3G3EH0weK5I+log+Vzqv5w+0UJeFR5a4OyDVTOtQTE=",
        "owner": "phocus",
        "repo": "gtk",
        "rev": "1753ef8e76e3ca20d0d40a88fbd63b8ea07fc581",
        "type": "github"
      },
      "original": {
        "owner": "phocus",
        "repo": "gtk",
        "type": "github"
      }
    },
    "picom-dccsillag": {
      "flake": false,
      "locked": {
        "lastModified": 1643853705,
        "narHash": "sha256-xNLUh2ecy/7B0ahwYvcrZPBGGGVu9alvRxXJUVQ3zlM=",
        "owner": "dccsillag",
        "repo": "picom",
        "rev": "bc759fd0b1064c00ba34d208c262954abc3460ae",
        "type": "github"
      },
      "original": {
        "owner": "dccsillag",
        "ref": "implement-window-animations",
        "repo": "picom",
        "type": "github"
      }
    },
    "picom-pijulius": {
      "flake": false,
      "locked": {
        "lastModified": 1634982684,
        "narHash": "sha256-YiuLScDV9UfgI1MiYRtjgRkJ0VuA1TExATA2nJSJMhM=",
        "owner": "pijulius",
        "repo": "picom",
        "rev": "982bb43e5d4116f1a37a0bde01c9bda0b88705b9",
        "type": "github"
      },
      "original": {
        "owner": "pijulius",
        "ref": "implement-window-animations",
        "repo": "picom",
        "type": "github"
      }
    },
    "picom-src": {
      "flake": false,
      "locked": {
        "lastModified": 1644761232,
        "narHash": "sha256-Yb69LTu45HxBWoD/T9Uj6b1lNn7hHzIEjcn73PMMEz0=",
        "owner": "yshui",
        "repo": "picom",
        "rev": "aa316aa3601a4f3ce9c1ca79932218ab574e61a7",
        "type": "github"
      },
      "original": {
        "owner": "yshui",
        "repo": "picom",
        "type": "github"
      }
    },
    "river-src": {
      "flake": false,
      "locked": {
        "lastModified": 1648462288,
        "narHash": "sha256-Dg9328VPaz5zUvww+s1qxqyz5VB0wpGh2tLAdVwFzLE=",
        "ref": "master",
        "rev": "ae349b0ce45b44b79a0a93e89c2cd05d24bb63d4",
        "revCount": 821,
        "submodules": true,
        "type": "git",
        "url": "https://github.com/ifreund/river.git"
      },
      "original": {
        "submodules": true,
        "type": "git",
        "url": "https://github.com/ifreund/river.git"
      }
    },
    "root": {
      "inputs": {
        "darwin": "darwin",
        "emacs-nightly": "emacs-nightly",
        "fenix": "fenix",
        "home-manager": "home-manager",
        "neovim-nightly": "neovim-nightly",
        "nix-ld": "nix-ld",
        "nixos-hardware": "nixos-hardware",
        "nixpkgs": "nixpkgs_3",
        "nixpkgs-f2k": "nixpkgs-f2k",
        "nur": "nur",
        "rust-overlay": "rust-overlay",
        "utils": "utils_2"
      }
    },
    "rust-analyzer-src": {
      "flake": false,
      "locked": {
        "lastModified": 1649178056,
        "narHash": "sha256-dcf7vKAkpdNvjd243LTGkUD6zLaLPN5deM2WTysG/Zs=",
        "owner": "rust-analyzer",
        "repo": "rust-analyzer",
        "rev": "2366d8e05f5f3585f95058fa7427cbde079914ed",
        "type": "github"
      },
      "original": {
        "owner": "rust-analyzer",
        "ref": "nightly",
        "repo": "rust-analyzer",
        "type": "github"
      }
    },
    "rust-analyzer-src_2": {
      "flake": false,
      "locked": {
        "lastModified": 1630870637,
        "narHash": "sha256-TacpTVvHAIs4kZ5vibj8luy/kryYwxY+OXFNPnqiXP0=",
        "owner": "rust-analyzer",
        "repo": "rust-analyzer",
        "rev": "b73b321478d3b2a98d380eb79de717e01620c4e9",
        "type": "github"
      },
      "original": {
        "owner": "rust-analyzer",
        "ref": "nightly",
        "repo": "rust-analyzer",
        "type": "github"
      }
    },
    "rust-analyzer-src_3": {
      "flake": false,
      "locked": {
        "lastModified": 1649178056,
        "narHash": "sha256-dcf7vKAkpdNvjd243LTGkUD6zLaLPN5deM2WTysG/Zs=",
        "owner": "rust-analyzer",
        "repo": "rust-analyzer",
        "rev": "2366d8e05f5f3585f95058fa7427cbde079914ed",
        "type": "github"
      },
      "original": {
        "owner": "rust-analyzer",
        "ref": "nightly",
        "repo": "rust-analyzer",
        "type": "github"
      }
    },
    "rust-overlay": {
      "inputs": {
        "nixpkgs": "nixpkgs_7",
        "rust-analyzer-src": "rust-analyzer-src_3"
      },
      "locked": {
        "lastModified": 1649226351,
        "narHash": "sha256-5fQwF5kYpPC7w0SOfdbE9Z7o5/i/dyo1BxMLVCA2h3E=",
        "owner": "nix-community",
        "repo": "fenix",
        "rev": "c7e184561fe843abb861cd7d22c23066987078e2",
        "type": "github"
      },
      "original": {
        "owner": "nix-community",
        "repo": "fenix",
        "type": "github"
      }
    },
    "utils": {
      "locked": {
        "lastModified": 1610051610,
        "narHash": "sha256-U9rPz/usA1/Aohhk7Cmc2gBrEEKRzcW4nwPWMPwja4Y=",
        "owner": "numtide",
        "repo": "flake-utils",
        "rev": "3982c9903e93927c2164caa727cd3f6a0e6d14cc",
        "type": "github"
      },
      "original": {
        "owner": "numtide",
        "repo": "flake-utils",
        "type": "github"
      }
    },
    "utils_2": {
      "inputs": {
        "flake-utils": "flake-utils_4"
      },
      "locked": {
        "lastModified": 1647259887,
        "narHash": "sha256-yEkMbEHVO9qydluQ3uHGWX1PkfZhgDKxnd1rhZYZ72w=",
        "owner": "gytis-ivaskevicius",
        "repo": "flake-utils-plus",
        "rev": "06dba5f3b4fa2cc0bfc98ce9cd6f9a4d8db11d46",
        "type": "github"
      },
      "original": {
        "owner": "gytis-ivaskevicius",
        "repo": "flake-utils-plus",
        "type": "github"
      }
    }
  },
  "root": "root",
  "version": 7
}
